
Microsoft Visual Studio Solution File, Format Version 12.00
# Visual Studio Version 16
VisualStudioVersion = 16.0.29215.179
MinimumVisualStudioVersion = 10.0.40219.1
Project("{8BC9CEB8-8B4A-11D0-8D11-00A0C91BC942}") = "resize", "resize.vcxproj", "{88A9057D-93C0-4715-AC89-3FDD53F0E0B2}"
EndProject
Global
	GlobalSection(SolutionConfigurationPlatforms) = preSolution
		Debug|x64 = Debug|x64
		Debug|x86 = Debug|x86
		Release|x64 = Release|x64
		Release|x86 = Release|x86
	EndGlobalSection
	GlobalSection(ProjectConfigurationPlatforms) = postSolution
		{88A9057D-93C0-4715-AC89-3FDD53F0E0B2}.Debug|x64.ActiveCfg = Debug|x64
		{88A9057D-93C0-4715-AC89-3FDD53F0E0B2}.Debug|x64.Build.0 = Debug|x64
		{88A9057D-93C0-4715-AC89-3FDD53F0E0B2}.Debug|x86.ActiveCfg = Debug|Win32
		{88A9057D-93C0-4715-AC89-3FDD53F0E0B2}.Debug|x86.Build.0 = Debug|Win32
		{88A9057D-93C0-4715-AC89-3FDD53F0E0B2}.Release|x64.ActiveCfg = Release|x64
		{88A9057D-93C0-4715-AC89-3FDD53F0E0B2}.Release|x64.Build.0 = Release|x64
		{88A9057D-93C0-4715-AC89-3FDD53F0E0B2}.Release|x86.ActiveCfg = Release|Win32
		{88A9057D-93C0-4715-AC89-3FDD53F0E0B2}.Release|x86.Build.0 = Release|Win32
	EndGlobalSection
	GlobalSection(SolutionProperties) = preSolution
		HideSolutionNode = FALSE
	EndGlobalSection
	GlobalSection(ExtensibilityGlobals) = postSolution
		SolutionGuid = {E4BC49F8-830A-4FE8-AEBF-3EE1A46D45B5}
	EndGlobalSection
EndGlobal
